// !$*UTF8*$!
{
	archiveVersion = 1;
	classes = {
	};
	objectVersion = 46;
	objects = {

/* Begin PBXBuildFile section */
		414939161C1F934900EF071B /* AppDelegate.swift in Sources */ = {isa = PBXBuildFile; fileRef = 414939151C1F934900EF071B /* AppDelegate.swift */; };
		414939181C1F934900EF071B /* RootViewController.swift in Sources */ = {isa = PBXBuildFile; fileRef = 414939171C1F934900EF071B /* RootViewController.swift */; };
		4149391B1C1F934900EF071B /* Main.storyboard in Resources */ = {isa = PBXBuildFile; fileRef = 414939191C1F934900EF071B /* Main.storyboard */; };
		4149391D1C1F934900EF071B /* Assets.xcassets in Resources */ = {isa = PBXBuildFile; fileRef = 4149391C1C1F934900EF071B /* Assets.xcassets */; };
		414939201C1F934900EF071B /* LaunchScreen.storyboard in Resources */ = {isa = PBXBuildFile; fileRef = 4149391E1C1F934900EF071B /* LaunchScreen.storyboard */; };
		415686F81C203DE300546726 /* NextViewController.swift in Sources */ = {isa = PBXBuildFile; fileRef = 415686F71C203DE300546726 /* NextViewController.swift */; };
		415686FA1C210A9400546726 /* UtilityNaviBar.swift in Sources */ = {isa = PBXBuildFile; fileRef = 415686F91C210A9400546726 /* UtilityNaviBar.swift */; };
/* End PBXBuildFile section */

/* Begin PBXFileReference section */
		414939121C1F934900EF071B /* NavigationBarTest.app */ = {isa = PBXFileReference; explicitFileType = wrapper.application; includeInIndex = 0; path = NavigationBarTest.app; sourceTree = BUILT_PRODUCTS_DIR; };
		414939151C1F934900EF071B /* AppDelegate.swift */ = {isa = PBXFileReference; lastKnownFileType = sourcecode.swift; path = AppDelegate.swift; sourceTree = "<group>"; };
		414939171C1F934900EF071B /* RootViewController.swift */ = {isa = PBXFileReference; lastKnownFileType = sourcecode.swift; path = RootViewController.swift; sourceTree = "<group>"; };
		4149391A1C1F934900EF071B /* Base */ = {isa = PBXFileReference; lastKnownFileType = file.storyboard; name = Base; path = Base.lproj/Main.storyboard; sourceTree = "<group>"; };
		4149391C1C1F934900EF071B /* Assets.xcassets */ = {isa = PBXFileReference; lastKnownFileType = folder.assetcatalog; path = Assets.xcassets; sourceTree = "<group>"; };
		4149391F1C1F934900EF071B /* Base */ = {isa = PBXFileReference; lastKnownFileType = file.storyboard; name = Base; path = Base.lproj/LaunchScreen.storyboard; sourceTree = "<group>"; };
		414939211C1F934900EF071B /* Info.plist */ = {isa = PBXFileReference; lastKnownFileType = text.plist.xml; path = Info.plist; sourceTree = "<group>"; };
		415686F71C203DE300546726 /* NextViewController.swift */ = {isa = PBXFileReference; fileEncoding = 4; lastKnownFileType = sourcecode.swift; path = NextViewController.swift; sourceTree = "<group>"; };
		415686F91C210A9400546726 /* UtilityNaviBar.swift */ = {isa = PBXFileReference; fileEncoding = 4; lastKnownFileType = sourcecode.swift; path = UtilityNaviBar.swift; sourceTree = "<group>"; };
/* End PBXFileReference section */

/* Begin PBXFrameworksBuildPhase section */
		4149390F1C1F934900EF071B /* Frameworks */ = {
			isa = PBXFrameworksBuildPhase;
			buildActionMask = 2147483647;
			files = (
			);
			runOnlyForDeploymentPostprocessing = 0;
		};
/* End PBXFrameworksBuildPhase section */

/* Begin PBXGroup section */
		414939091C1F934900EF071B = {
			isa = PBXGroup;
			children = (
				414939141C1F934900EF071B /* NavigationBarTest */,
				414939131C1F934900EF071B /* Products */,
			);
			sourceTree = "<group>";
		};
		414939131C1F934900EF071B /* Products */ = {
			isa = PBXGroup;
			children = (
				414939121C1F934900EF071B /* NavigationBarTest.app */,
			);
			name = Products;
			sourceTree = "<group>";
		};
		414939141C1F934900EF071B /* NavigationBarTest */ = {
			isa = PBXGroup;
			children = (
				414939151C1F934900EF071B /* AppDelegate.swift */,
				414939171C1F934900EF071B /* RootViewController.swift */,
				415686F71C203DE300546726 /* NextViewController.swift */,
				414939191C1F934900EF071B /* Main.storyboard */,
				4149391C1C1F934900EF071B /* Assets.xcassets */,
				4149391E1C1F934900EF071B /* LaunchScreen.storyboard */,
				414939211C1F934900EF071B /* Info.plist */,
				415686F91C210A9400546726 /* UtilityNaviBar.swift */,
			);
			path = NavigationBarTest;
			sourceTree = "<group>";
		};
/* End PBXGroup section */

/* Begin PBXNativeTarget section */
		414939111C1F934900EF071B /* NavigationBarTest */ = {
			isa = PBXNativeTarget;
			buildConfigurationList = 414939241C1F934900EF071B /* Build configuration list for PBXNativeTarget "NavigationBarTest" */;
			buildPhases = (
				4149390E1C1F934900EF071B /* Sources */,
				4149390F1C1F934900EF071B /* Frameworks */,
				414939101C1F934900EF071B /* Resources */,
			);
			buildRules = (
			);
			dependencies = (
			);
			name = NavigationBarTest;
			productName = NavigationBarTest;
			productReference = 414939121C1F934900EF071B /* NavigationBarTest.app */;
			productType = "com.apple.product-type.application";
		};
/* End PBXNativeTarget section */

/* Begin PBXProject section */
		4149390A1C1F934900EF071B /* Project object */ = {
			isa = PBXProject;
			attributes = {
				LastSwiftUpdateCheck = 0710;
				LastUpgradeCheck = 0710;
				ORGANIZATIONNAME = access;
				TargetAttributes = {
					414939111C1F934900EF071B = {
						CreatedOnToolsVersion = 7.1.1;
						DevelopmentTeam = AWAWWR8V84;
					};
				};
			};
			buildConfigurationList = 4149390D1C1F934900EF071B /* Build configuration list for PBXProject "NavigationBarTest" */;
			compatibilityVersion = "Xcode 3.2";
			developmentRegion = English;
			hasScannedForEncodings = 0;
			knownRegions = (
				en,
				Base,
			);
			mainGroup = 414939091C1F934900EF071B;
			productRefGroup = 414939131C1F934900EF071B /* Products */;
			projectDirPath = "";
			projectRoot = "";
			targets = (
				414939111C1F934900EF071B /* NavigationBarTest */,
			);
		};
/* End PBXProject section */

/* Begin PBXResourcesBuildPhase section */
		414939101C1F934900EF071B /* Resources */ = {
			isa = PBXResourcesBuildPhase;
			buildActionMask = 2147483647;
			files = (
				414939201C1F934900EF071B /* LaunchScreen.storyboard in Resources */,
				4149391D1C1F934900EF071B /* Assets.xcassets in Resources */,
				4149391B1C1F934900EF071B /* Main.storyboard in Resources */,
			);
			runOnlyForDeploymentPostprocessing = 0;
		};
/* End PBXResourcesBuildPhase section */

/* Begin PBXSourcesBuildPhase section */
		4149390E1C1F934900EF071B /* Sources */ = {
			isa = PBXSourcesBuildPhase;
			buildActionMask = 2147483647;
			files = (
				414939181C1F934900EF071B /* RootViewController.swift in Sources */,
				415686F81C203DE300546726 /* NextViewController.swift in Sources */,
				415686FA1C210A9400546726 /* UtilityNaviBar.swift in Sources */,
				414939161C1F934900EF071B /* AppDelegate.swift in Sources */,
			);
			runOnlyForDeploymentPostprocessing = 0;
		};
/* End PBXSourcesBuildPhase section */

/* Begin PBXVariantGroup section */
		414939191C1F934900EF071B /* Main.storyboard */ = {
			isa = PBXVariantGroup;
			children = (
				4149391A1C1F934900EF071B /* Base */,
			);
			name = Main.storyboard;
			sourceTree = "<group>";
		};
		4149391E1C1F934900EF071B /* LaunchScreen.storyboard */ = {
			isa = PBXVariantGroup;
			children = (
				4149391F1C1F934900EF071B /* Base */,
			);
			name = LaunchScreen.storyboard;
			sourceTree = "<group>";
		};
/* End PBXVariantGroup section */

/* Begin XCBuildConfiguration section */
		414939221C1F934900EF071B /* Debug */ = {
			isa = XCBuildConfiguration;
			buildSettings = {
				ALWAYS_SEARCH_USER_PATHS = NO;
				CLANG_CXX_LANGUAGE_STANDARD = "gnu++0x";
				CLANG_CXX_LIBRARY = "libc++";
				CLANG_ENABLE_MODULES = YES;
				CLANG_ENABLE_OBJC_ARC = YES;
				CLANG_WARN_BOOL_CONVERSION = YES;
				CLANG_WARN_CONSTANT_CONVERSION = YES;
				CLANG_WARN_DIRECT_OBJC_ISA_USAGE = YES_ERROR;
				CLANG_WARN_EMPTY_BODY = YES;
				CLANG_WARN_ENUM_CONVERSION = YES;
				CLANG_WARN_INT_CONVERSION = YES;
				CLANG_WARN_OBJC_ROOT_CLASS = YES_ERROR;
				CLANG_WARN_UNREACHABLE_CODE = YES;
				CLANG_WARN__DUPLICATE_METHOD_MATCH = YES;
				"CODE_SIGN_IDENTITY[sdk=iphoneos*]" = "iPhone Developer";
				COPY_PHASE_STRIP = NO;
				DEBUG_INFORMATION_FORMAT = dwarf;
				ENABLE_STRICT_OBJC_MSGSEND = YES;
				ENABLE_TESTABILITY = YES;
				GCC_C_LANGUAGE_STANDARD = gnu99;
				GCC_DYNAMIC_NO_PIC = NO;
				GCC_NO_COMMON_BLOCKS = YES;
				GCC_OPTIMIZATION_LEVEL = 0;
				GCC_PREPROCESSOR_DEFINITIONS = (
					"DEBUG=1",
					"$(inherited)",
				);
				GCC_WARN_64_TO_32_BIT_CONVERSION = YES;
				GCC_WARN_ABOUT_RETURN_TYPE = YES_ERROR;
				GCC_WARN_UNDECLARED_SELECTOR = YES;
				GCC_WARN_UNINITIALIZED_AUTOS = YES_AGGRESSIVE;
				GCC_WARN_UNUSED_FUNCTION = YES;
				GCC_WARN_UNUSED_VARIABLE = YES;
				IPHONEOS_DEPLOYMENT_TARGET = 9.1;
				MTL_ENABLE_DEBUG_INFO = YES;
				ONLY_ACTIVE_ARCH = YES;
				SDKROOT = iphoneos;
				SWIFT_OPTIMIZATION_LEVEL = "-Onone";
				TARGETED_DEVICE_FAMILY = "1,2";
			};
			name = Debug;
		};
		414939231C1F934900EF071B /* Release */ = {
			isa = XCBuildConfiguration;
			buildSettings = {
				ALWAYS_SEARCH_USER_PATHS = NO;
				CLANG_CXX_LANGUAGE_STANDARD = "gnu++0x";
				CLANG_CXX_LIBRARY = "libc++";
				CLANG_ENABLE_MODULES = YES;
				CLANG_ENABLE_OBJC_ARC = YES;
				CLANG_WARN_BOOL_CONVERSION = YES;
				CLANG_WARN_CONSTANT_CONVERSION = YES;
				CLANG_WARN_DIRECT_OBJC_ISA_USAGE = YES_ERROR;
				CLANG_WARN_EMPTY_BODY = YES;
				CLANG_WARN_ENUM_CONVERSION = YES;
				CLANG_WARN_INT_CONVERSION = YES;
				CLANG_WARN_OBJC_ROOT_CLASS = YES_ERROR;
				CLANG_WARN_UNREACHABLE_CODE = YES;
				CLANG_WARN__DUPLICATE_METHOD_MATCH = YES;
				"CODE_SIGN_IDENTITY[sdk=iphoneos*]" = "iPhone Developer";
				COPY_PHASE_STRIP = NO;
				DEBUG_INFORMATION_FORMAT = "dwarf-with-dsym";
				ENABLE_NS_ASSERTIONS = NO;
				ENABLE_STRICT_OBJC_MSGSEND = YES;
				GCC_C_LANGUAGE_STANDARD = gnu99;
				GCC_NO_COMMON_BLOCKS = YES;
				GCC_WARN_64_TO_32_BIT_CONVERSION = YES;
				GCC_WARN_ABOUT_RETURN_TYPE = YES_ERROR;
				GCC_WARN_UNDECLARED_SELECTOR = YES;
				GCC_WARN_UNINITIALIZED_AUTOS = YES_AGGRESSIVE;
				GCC_WARN_UNUSED_FUNCTION = YES;
				GCC_WARN_UNUSED_VARIABLE = YES;
				IPHONEOS_DEPLOYMENT_TARGET = 9.1;
				MTL_ENABLE_DEBUG_INFO = NO;
				SDKROOT = iphoneos;
				TARGETED_DEVICE_FAMILY = "1,2";
				VALIDATE_PRODUCT = YES;
			};
			name = Release;
		};
		414939251C1F934900EF071B /* Debug */ = {
			isa = XCBuildConfiguration;
			buildSettings = {
				ASSETCATALOG_COMPILER_APPICON_NAME = AppIcon;
				INFOPLIST_FILE = NavigationBarTest/Info.plist;
				LD_RUNPATH_SEARCH_PATHS = "$(inherited) @executable_path/Frameworks";
				PRODUCT_BUNDLE_IDENTIFIER = "access-company.com.NavigationBarTest";
				PRODUCT_NAME = "$(TARGET_NAME)";
			};
			name = Debug;
		};
		414939261C1F934900EF071B /* Release */ = {
			isa = XCBuildConfiguration;
			buildSettings = {
				ASSETCATALOG_COMPILER_APPICON_NAME = AppIcon;
				INFOPLIST_FILE = NavigationBarTest/Info.plist;
				LD_RUNPATH_SEARCH_PATHS = "$(inherited) @executable_path/Frameworks";
				PRODUCT_BUNDLE_IDENTIFIER = "access-company.com.NavigationBarTest";
				PRODUCT_NAME = "$(TARGET_NAME)";
			};
			name = Release;
		};
/* End XCBuildConfiguration section */

/* Begin XCConfigurationList section */
		4149390D1C1F934900EF071B /* Build configuration list for PBXProject "NavigationBarTest" */ = {
			isa = XCConfigurationList;
			buildConfigurations = (
				414939221C1F934900EF071B /* Debug */,
				414939231C1F934900EF071B /* Release */,
			);
			defaultConfigurationIsVisible = 0;
			defaultConfigurationName = Release;
		};
		414939241C1F934900EF071B /* Build configuration list for PBXNativeTarget "NavigationBarTest" */ = {
			isa = XCConfigurationList;
			buildConfigurations = (
				414939251C1F934900EF071B /* Debug */,
				414939261C1F934900EF071B /* Release */,
			);
			defaultConfigurationIsVisible = 0;
			defaultConfigurationName = Release;
		};
/* End XCConfigurationList section */
	};
	rootObject = 4149390A1C1F934900EF071B /* Project object */;
}
